// !$*UTF8*$!
{
	archiveVersion = 1;
	classes = {
	};
	objectVersion = 46;
	objects = {

/* Begin PBXBuildFile section */
		29586C5C1B519B5600FD5740 /* AppDelegate.swift in Sources */ = {isa = PBXBuildFile; fileRef = 29586C5B1B519B5600FD5740 /* AppDelegate.swift */; };
		29586C5E1B519B5600FD5740 /* SelectionViewController.swift in Sources */ = {isa = PBXBuildFile; fileRef = 29586C5D1B519B5600FD5740 /* SelectionViewController.swift */; };
		29586C611B519B5600FD5740 /* Main.storyboard in Resources */ = {isa = PBXBuildFile; fileRef = 29586C5F1B519B5600FD5740 /* Main.storyboard */; };
		29586C631B519B5600FD5740 /* Images.xcassets in Resources */ = {isa = PBXBuildFile; fileRef = 29586C621B519B5600FD5740 /* Images.xcassets */; };
		29586C661B519B5600FD5740 /* LaunchScreen.xib in Resources */ = {isa = PBXBuildFile; fileRef = 29586C641B519B5600FD5740 /* LaunchScreen.xib */; };
		29586C721B519B5600FD5740 /* BodyTests.swift in Sources */ = {isa = PBXBuildFile; fileRef = 29586C711B519B5600FD5740 /* BodyTests.swift */; };
		29586C7C1B51BF7E00FD5740 /* ChooseClass.swift in Sources */ = {isa = PBXBuildFile; fileRef = 29586C7B1B51BF7E00FD5740 /* ChooseClass.swift */; };
/* End PBXBuildFile section */

/* Begin PBXContainerItemProxy section */
		29586C6C1B519B5600FD5740 /* PBXContainerItemProxy */ = {
			isa = PBXContainerItemProxy;
			containerPortal = 29586C4E1B519B5600FD5740 /* Project object */;
			proxyType = 1;
			remoteGlobalIDString = 29586C551B519B5600FD5740;
			remoteInfo = Body;
		};
/* End PBXContainerItemProxy section */

/* Begin PBXFileReference section */
		29586C561B519B5600FD5740 /* Body.app */ = {isa = PBXFileReference; explicitFileType = wrapper.application; includeInIndex = 0; path = Body.app; sourceTree = BUILT_PRODUCTS_DIR; };
		29586C5A1B519B5600FD5740 /* Info.plist */ = {isa = PBXFileReference; lastKnownFileType = text.plist.xml; path = Info.plist; sourceTree = "<group>"; };
		29586C5B1B519B5600FD5740 /* AppDelegate.swift */ = {isa = PBXFileReference; lastKnownFileType = sourcecode.swift; path = AppDelegate.swift; sourceTree = "<group>"; };
		29586C5D1B519B5600FD5740 /* SelectionViewController.swift */ = {isa = PBXFileReference; lastKnownFileType = sourcecode.swift; path = SelectionViewController.swift; sourceTree = "<group>"; };
		29586C601B519B5600FD5740 /* Base */ = {isa = PBXFileReference; lastKnownFileType = file.storyboard; name = Base; path = Base.lproj/Main.storyboard; sourceTree = "<group>"; };
		29586C621B519B5600FD5740 /* Images.xcassets */ = {isa = PBXFileReference; lastKnownFileType = folder.assetcatalog; path = Images.xcassets; sourceTree = "<group>"; };
		29586C651B519B5600FD5740 /* Base */ = {isa = PBXFileReference; lastKnownFileType = file.xib; name = Base; path = Base.lproj/LaunchScreen.xib; sourceTree = "<group>"; };
		29586C6B1B519B5600FD5740 /* BodyTests.xctest */ = {isa = PBXFileReference; explicitFileType = wrapper.cfbundle; includeInIndex = 0; path = BodyTests.xctest; sourceTree = BUILT_PRODUCTS_DIR; };
		29586C701B519B5600FD5740 /* Info.plist */ = {isa = PBXFileReference; lastKnownFileType = text.plist.xml; path = Info.plist; sourceTree = "<group>"; };
		29586C711B519B5600FD5740 /* BodyTests.swift */ = {isa = PBXFileReference; lastKnownFileType = sourcecode.swift; path = BodyTests.swift; sourceTree = "<group>"; };
		29586C7B1B51BF7E00FD5740 /* ChooseClass.swift */ = {isa = PBXFileReference; fileEncoding = 4; lastKnownFileType = sourcecode.swift; path = ChooseClass.swift; sourceTree = "<group>"; };
/* End PBXFileReference section */

/* Begin PBXFrameworksBuildPhase section */
		29586C531B519B5600FD5740 /* Frameworks */ = {
			isa = PBXFrameworksBuildPhase;
			buildActionMask = 2147483647;
			files = (
			);
			runOnlyForDeploymentPostprocessing = 0;
		};
		29586C681B519B5600FD5740 /* Frameworks */ = {
			isa = PBXFrameworksBuildPhase;
			buildActionMask = 2147483647;
			files = (
			);
			runOnlyForDeploymentPostprocessing = 0;
		};
/* End PBXFrameworksBuildPhase section */

/* Begin PBXGroup section */
		29586C4D1B519B5600FD5740 = {
			isa = PBXGroup;
			children = (
				29586C581B519B5600FD5740 /* Body */,
				29586C6E1B519B5600FD5740 /* BodyTests */,
				29586C571B519B5600FD5740 /* Products */,
			);
			sourceTree = "<group>";
		};
		29586C571B519B5600FD5740 /* Products */ = {
			isa = PBXGroup;
			children = (
				29586C561B519B5600FD5740 /* Body.app */,
				29586C6B1B519B5600FD5740 /* BodyTests.xctest */,
			);
			name = Products;
			sourceTree = "<group>";
		};
		29586C581B519B5600FD5740 /* Body */ = {
			isa = PBXGroup;
			children = (
				29586C5B1B519B5600FD5740 /* AppDelegate.swift */,
				29586C5D1B519B5600FD5740 /* SelectionViewController.swift */,
				29586C7B1B51BF7E00FD5740 /* ChooseClass.swift */,
				29586C5F1B519B5600FD5740 /* Main.storyboard */,
				29586C621B519B5600FD5740 /* Images.xcassets */,
				29586C641B519B5600FD5740 /* LaunchScreen.xib */,
				29586C591B519B5600FD5740 /* Supporting Files */,
			);
			path = Body;
			sourceTree = "<group>";
		};
		29586C591B519B5600FD5740 /* Supporting Files */ = {
			isa = PBXGroup;
			children = (
				29586C5A1B519B5600FD5740 /* Info.plist */,
			);
			name = "Supporting Files";
			sourceTree = "<group>";
		};
		29586C6E1B519B5600FD5740 /* BodyTests */ = {
			isa = PBXGroup;
			children = (
				29586C711B519B5600FD5740 /* BodyTests.swift */,
				29586C6F1B519B5600FD5740 /* Supporting Files */,
			);
			path = BodyTests;
			sourceTree = "<group>";
		};
		29586C6F1B519B5600FD5740 /* Supporting Files */ = {
			isa = PBXGroup;
			children = (
				29586C701B519B5600FD5740 /* Info.plist */,
			);
			name = "Supporting Files";
			sourceTree = "<group>";
		};
/* End PBXGroup section */

/* Begin PBXNativeTarget section */
		29586C551B519B5600FD5740 /* Body */ = {
			isa = PBXNativeTarget;
			buildConfigurationList = 29586C751B519B5600FD5740 /* Build configuration list for PBXNativeTarget "Body" */;
			buildPhases = (
				29586C521B519B5600FD5740 /* Sources */,
				29586C531B519B5600FD5740 /* Frameworks */,
				29586C541B519B5600FD5740 /* Resources */,
			);
			buildRules = (
			);
			dependencies = (
			);
			name = Body;
			productName = Body;
			productReference = 29586C561B519B5600FD5740 /* Body.app */;
			productType = "com.apple.product-type.application";
		};
		29586C6A1B519B5600FD5740 /* BodyTests */ = {
			isa = PBXNativeTarget;
			buildConfigurationList = 29586C781B519B5600FD5740 /* Build configuration list for PBXNativeTarget "BodyTests" */;
			buildPhases = (
				29586C671B519B5600FD5740 /* Sources */,
				29586C681B519B5600FD5740 /* Frameworks */,
				29586C691B519B5600FD5740 /* Resources */,
			);
			buildRules = (
			);
			dependencies = (
				29586C6D1B519B5600FD5740 /* PBXTargetDependency */,
			);
			name = BodyTests;
			productName = BodyTests;
			productReference = 29586C6B1B519B5600FD5740 /* BodyTests.xctest */;
			productType = "com.apple.product-type.bundle.unit-test";
		};
/* End PBXNativeTarget section */

/* Begin PBXProject section */
		29586C4E1B519B5600FD5740 /* Project object */ = {
			isa = PBXProject;
			attributes = {
				LastUpgradeCheck = 0640;
				ORGANIZATIONNAME = Body;
				TargetAttributes = {
					29586C551B519B5600FD5740 = {
						CreatedOnToolsVersion = 6.4;
					};
					29586C6A1B519B5600FD5740 = {
						CreatedOnToolsVersion = 6.4;
						TestTargetID = 29586C551B519B5600FD5740;
					};
				};
			};
			buildConfigurationList = 29586C511B519B5600FD5740 /* Build configuration list for PBXProject "Body" */;
			compatibilityVersion = "Xcode 3.2";
			developmentRegion = English;
			hasScannedForEncodings = 0;
			knownRegions = (
				en,
				Base,
			);
			mainGroup = 29586C4D1B519B5600FD5740;
			productRefGroup = 29586C571B519B5600FD5740 /* Products */;
			projectDirPath = "";
			projectRoot = "";
			targets = (
				29586C551B519B5600FD5740 /* Body */,
				29586C6A1B519B5600FD5740 /* BodyTests */,
			);
		};
/* End PBXProject section */

/* Begin PBXResourcesBuildPhase section */
		29586C541B519B5600FD5740 /* Resources */ = {
			isa = PBXResourcesBuildPhase;
			buildActionMask = 2147483647;
			files = (
				29586C611B519B5600FD5740 /* Main.storyboard in Resources */,
				29586C661B519B5600FD5740 /* LaunchScreen.xib in Resources */,
				29586C631B519B5600FD5740 /* Images.xcassets in Resources */,
			);
			runOnlyForDeploymentPostprocessing = 0;
		};
		29586C691B519B5600FD5740 /* Resources */ = {
			isa = PBXResourcesBuildPhase;
			buildActionMask = 2147483647;
			files = (
			);
			runOnlyForDeploymentPostprocessing = 0;
		};
/* End PBXResourcesBuildPhase section */

/* Begin PBXSourcesBuildPhase section */
		29586C521B519B5600FD5740 /* Sources */ = {
			isa = PBXSourcesBuildPhase;
			buildActionMask = 2147483647;
			files = (
				29586C7C1B51BF7E00FD5740 /* ChooseClass.swift in Sources */,
				29586C5E1B519B5600FD5740 /* SelectionViewController.swift in Sources */,
				29586C5C1B519B5600FD5740 /* AppDelegate.swift in Sources */,
			);
			runOnlyForDeploymentPostprocessing = 0;
		};
		29586C671B519B5600FD5740 /* Sources */ = {
			isa = PBXSourcesBuildPhase;
			buildActionMask = 2147483647;
			files = (
				29586C721B519B5600FD5740 /* BodyTests.swift in Sources */,
			);
			runOnlyForDeploymentPostprocessing = 0;
		};
/* End PBXSourcesBuildPhase section */

/* Begin PBXTargetDependency section */
		29586C6D1B519B5600FD5740 /* PBXTargetDependency */ = {
			isa = PBXTargetDependency;
			target = 29586C551B519B5600FD5740 /* Body */;
			targetProxy = 29586C6C1B519B5600FD5740 /* PBXContainerItemProxy */;
		};
/* End PBXTargetDependency section */

/* Begin PBXVariantGroup section */
		29586C5F1B519B5600FD5740 /* Main.storyboard */ = {
			isa = PBXVariantGroup;
			children = (
				29586C601B519B5600FD5740 /* Base */,
			);
			name = Main.storyboard;
			sourceTree = "<group>";
		};
		29586C641B519B5600FD5740 /* LaunchScreen.xib */ = {
			isa = PBXVariantGroup;
			children = (
				29586C651B519B5600FD5740 /* Base */,
			);
			name = LaunchScreen.xib;
			sourceTree = "<group>";
		};
/* End PBXVariantGroup section */

/* Begin XCBuildConfiguration section */
		29586C731B519B5600FD5740 /* Debug */ = {
			isa = XCBuildConfiguration;
			buildSettings = {
				ALWAYS_SEARCH_USER_PATHS = NO;
				CLANG_CXX_LANGUAGE_STANDARD = "gnu++0x";
				CLANG_CXX_LIBRARY = "libc++";
				CLANG_ENABLE_MODULES = YES;
				CLANG_ENABLE_OBJC_ARC = YES;
				CLANG_WARN_BOOL_CONVERSION = YES;
				CLANG_WARN_CONSTANT_CONVERSION = YES;
				CLANG_WARN_DIRECT_OBJC_ISA_USAGE = YES_ERROR;
				CLANG_WARN_EMPTY_BODY = YES;
				CLANG_WARN_ENUM_CONVERSION = YES;
				CLANG_WARN_INT_CONVERSION = YES;
				CLANG_WARN_OBJC_ROOT_CLASS = YES_ERROR;
				CLANG_WARN_UNREACHABLE_CODE = YES;
				CLANG_WARN__DUPLICATE_METHOD_MATCH = YES;
				"CODE_SIGN_IDENTITY[sdk=iphoneos*]" = "iPhone Developer";
				COPY_PHASE_STRIP = NO;
				DEBUG_INFORMATION_FORMAT = "dwarf-with-dsym";
				ENABLE_STRICT_OBJC_MSGSEND = YES;
				GCC_C_LANGUAGE_STANDARD = gnu99;
				GCC_DYNAMIC_NO_PIC = NO;
				GCC_NO_COMMON_BLOCKS = YES;
				GCC_OPTIMIZATION_LEVEL = 0;
				GCC_PREPROCESSOR_DEFINITIONS = (
					"DEBUG=1",
					"$(inherited)",
				);
				GCC_SYMBOLS_PRIVATE_EXTERN = NO;
				GCC_WARN_64_TO_32_BIT_CONVERSION = YES;
				GCC_WARN_ABOUT_RETURN_TYPE = YES_ERROR;
				GCC_WARN_UNDECLARED_SELECTOR = YES;
				GCC_WARN_UNINITIALIZED_AUTOS = YES_AGGRESSIVE;
				GCC_WARN_UNUSED_FUNCTION = YES;
				GCC_WARN_UNUSED_VARIABLE = YES;
				IPHONEOS_DEPLOYMENT_TARGET = 8.4;
				MTL_ENABLE_DEBUG_INFO = YES;
				ONLY_ACTIVE_ARCH = YES;
				SDKROOT = iphoneos;
				SWIFT_OPTIMIZATION_LEVEL = "-Onone";
			};
			name = Debug;
		};
		29586C741B519B5600FD5740 /* Release */ = {
			isa = XCBuildConfiguration;
			buildSettings = {
				ALWAYS_SEARCH_USER_PATHS = NO;
				CLANG_CXX_LANGUAGE_STANDARD = "gnu++0x";
				CLANG_CXX_LIBRARY = "libc++";
				CLANG_ENABLE_MODULES = YES;
				CLANG_ENABLE_OBJC_ARC = YES;
				CLANG_WARN_BOOL_CONVERSION = YES;
				CLANG_WARN_CONSTANT_CONVERSION = YES;
				CLANG_WARN_DIRECT_OBJC_ISA_USAGE = YES_ERROR;
				CLANG_WARN_EMPTY_BODY = YES;
				CLANG_WARN_ENUM_CONVERSION = YES;
				CLANG_WARN_INT_CONVERSION = YES;
				CLANG_WARN_OBJC_ROOT_CLASS = YES_ERROR;
				CLANG_WARN_UNREACHABLE_CODE = YES;
				CLANG_WARN__DUPLICATE_METHOD_MATCH = YES;
				"CODE_SIGN_IDENTITY[sdk=iphoneos*]" = "iPhone Developer";
				COPY_PHASE_STRIP = NO;
				DEBUG_INFORMATION_FORMAT = "dwarf-with-dsym";
				ENABLE_NS_ASSERTIONS = NO;
				ENABLE_STRICT_OBJC_MSGSEND = YES;
				GCC_C_LANGUAGE_STANDARD = gnu99;
				GCC_NO_COMMON_BLOCKS = YES;
				GCC_WARN_64_TO_32_BIT_CONVERSION = YES;
				GCC_WARN_ABOUT_RETURN_TYPE = YES_ERROR;
				GCC_WARN_UNDECLARED_SELECTOR = YES;
				GCC_WARN_UNINITIALIZED_AUTOS = YES_AGGRESSIVE;
				GCC_WARN_UNUSED_FUNCTION = YES;
				GCC_WARN_UNUSED_VARIABLE = YES;
				IPHONEOS_DEPLOYMENT_TARGET = 8.4;
				MTL_ENABLE_DEBUG_INFO = NO;
				SDKROOT = iphoneos;
				VALIDATE_PRODUCT = YES;
			};
			name = Release;
		};
		29586C761B519B5600FD5740 /* Debug */ = {
			isa = XCBuildConfiguration;
			buildSettings = {
				ASSETCATALOG_COMPILER_APPICON_NAME = AppIcon;
				INFOPLIST_FILE = Body/Info.plist;
				LD_RUNPATH_SEARCH_PATHS = "$(inherited) @executable_path/Frameworks";
				PRODUCT_NAME = "$(TARGET_NAME)";
				TARGETED_DEVICE_FAMILY = 2;
			};
			name = Debug;
		};
		29586C771B519B5600FD5740 /* Release */ = {
			isa = XCBuildConfiguration;
			buildSettings = {
				ASSETCATALOG_COMPILER_APPICON_NAME = AppIcon;
				INFOPLIST_FILE = Body/Info.plist;
				LD_RUNPATH_SEARCH_PATHS = "$(inherited) @executable_path/Frameworks";
				PRODUCT_NAME = "$(TARGET_NAME)";
				TARGETED_DEVICE_FAMILY = 2;
			};
			name = Release;
		};
		29586C791B519B5600FD5740 /* Debug */ = {
			isa = XCBuildConfiguration;
			buildSettings = {
				BUNDLE_LOADER = "$(TEST_HOST)";
				FRAMEWORK_SEARCH_PATHS = (
					"$(SDKROOT)/Developer/Library/Frameworks",
					"$(inherited)",
				);
				GCC_PREPROCESSOR_DEFINITIONS = (
					"DEBUG=1",
					"$(inherited)",
				);
				INFOPLIST_FILE = BodyTests/Info.plist;
				LD_RUNPATH_SEARCH_PATHS = "$(inherited) @executable_path/Frameworks @loader_path/Frameworks";
				PRODUCT_NAME = "$(TARGET_NAME)";
				TEST_HOST = "$(BUILT_PRODUCTS_DIR)/Body.app/Body";
			};
			name = Debug;
		};
		29586C7A1B519B5600FD5740 /* Release */ = {
			isa = XCBuildConfiguration;
			buildSettings = {
				BUNDLE_LOADER = "$(TEST_HOST)";
				FRAMEWORK_SEARCH_PATHS = (
					"$(SDKROOT)/Developer/Library/Frameworks",
					"$(inherited)",
				);
				INFOPLIST_FILE = BodyTests/Info.plist;
				LD_RUNPATH_SEARCH_PATHS = "$(inherited) @executable_path/Frameworks @loader_path/Frameworks";
				PRODUCT_NAME = "$(TARGET_NAME)";
				TEST_HOST = "$(BUILT_PRODUCTS_DIR)/Body.app/Body";
			};
			name = Release;
		};
/* End XCBuildConfiguration section */

/* Begin XCConfigurationList section */
		29586C511B519B5600FD5740 /* Build configuration list for PBXProject "Body" */ = {
			isa = XCConfigurationList;
			buildConfigurations = (
				29586C731B519B5600FD5740 /* Debug */,
				29586C741B519B5600FD5740 /* Release */,
			);
			defaultConfigurationIsVisible = 0;
			defaultConfigurationName = Release;
		};
		29586C751B519B5600FD5740 /* Build configuration list for PBXNativeTarget "Body" */ = {
			isa = XCConfigurationList;
			buildConfigurations = (
				29586C761B519B5600FD5740 /* Debug */,
				29586C771B519B5600FD5740 /* Release */,
			);
			defaultConfigurationIsVisible = 0;
			defaultConfigurationName = Release;
		};
		29586C781B519B5600FD5740 /* Build configuration list for PBXNativeTarget "BodyTests" */ = {
			isa = XCConfigurationList;
			buildConfigurations = (
				29586C791B519B5600FD5740 /* Debug */,
				29586C7A1B519B5600FD5740 /* Release */,
			);
			defaultConfigurationIsVisible = 0;
			defaultConfigurationName = Release;
		};
/* End XCConfigurationList section */
	};
	rootObject = 29586C4E1B519B5600FD5740 /* Project object */;
}
